
Microsoft Visual Studio Solution File, Format Version 12.00
# Visual Studio Version 16
VisualStudioVersion = 16.0.31005.135
MinimumVisualStudioVersion = 10.0.40219.1
Project("{2150E333-8FDC-42A3-9474-1A3956D46DE8}") = "FrontEnd", "FrontEnd", "{C52862B2-760F-4D75-8D5D-F76E8D220201}"
EndProject
Project("{2150E333-8FDC-42A3-9474-1A3956D46DE8}") = "BackEnd", "BackEnd", "{493111A5-E465-4CAD-B25B-D0420027BB85}"
EndProject
Project("{9A19103F-16F7-4668-BE54-9A1E7A4F7556}") = "Controller", "Controller\Controller.csproj", "{975685BA-0FBD-4C08-B1CE-64825CA4680E}"
EndProject
Project("{9A19103F-16F7-4668-BE54-9A1E7A4F7556}") = "DTO", "DTO\DTO.csproj", "{013BA447-8044-49AA-8A07-5ACDC7BEDDDA}"
EndProject
Project("{9A19103F-16F7-4668-BE54-9A1E7A4F7556}") = "Services", "Services\Services.csproj", "{3E8F5859-7B02-4B1F-BED2-37EF5A3B438F}"
EndProject
Project("{9A19103F-16F7-4668-BE54-9A1E7A4F7556}") = "Storage", "Storage\Storage.csproj", "{3F99CFEE-D14A-4325-8C94-818D9DF5AF02}"
EndProject
Project("{9A19103F-16F7-4668-BE54-9A1E7A4F7556}") = "ConsoleApp", "ConsoleApp\ConsoleApp.csproj", "{1C3E4AEC-9EAF-4AFC-9298-334AD69201B5}"
EndProject
Project("{9A19103F-16F7-4668-BE54-9A1E7A4F7556}") = "Domain", "Domain\Domain.csproj", "{F0D30C3F-4E67-4EAF-9C3C-024FF73F7585}"
EndProject
Project("{FAE04EC0-301F-11D3-BF4B-00C04F79EFBC}") = "Repository", "Repository\Repository.csproj", "{4B0AF161-2D86-4A63-A7AF-268AB94690ED}"
EndProject
Global
	GlobalSection(SolutionConfigurationPlatforms) = preSolution
		Debug|Any CPU = Debug|Any CPU
		Release|Any CPU = Release|Any CPU
	EndGlobalSection
	GlobalSection(ProjectConfigurationPlatforms) = postSolution
		{975685BA-0FBD-4C08-B1CE-64825CA4680E}.Debug|Any CPU.ActiveCfg = Debug|Any CPU
		{975685BA-0FBD-4C08-B1CE-64825CA4680E}.Debug|Any CPU.Build.0 = Debug|Any CPU
		{975685BA-0FBD-4C08-B1CE-64825CA4680E}.Release|Any CPU.ActiveCfg = Release|Any CPU
		{975685BA-0FBD-4C08-B1CE-64825CA4680E}.Release|Any CPU.Build.0 = Release|Any CPU
		{013BA447-8044-49AA-8A07-5ACDC7BEDDDA}.Debug|Any CPU.ActiveCfg = Debug|Any CPU
		{013BA447-8044-49AA-8A07-5ACDC7BEDDDA}.Debug|Any CPU.Build.0 = Debug|Any CPU
		{013BA447-8044-49AA-8A07-5ACDC7BEDDDA}.Release|Any CPU.ActiveCfg = Release|Any CPU
		{013BA447-8044-49AA-8A07-5ACDC7BEDDDA}.Release|Any CPU.Build.0 = Release|Any CPU
		{3E8F5859-7B02-4B1F-BED2-37EF5A3B438F}.Debug|Any CPU.ActiveCfg = Debug|Any CPU
		{3E8F5859-7B02-4B1F-BED2-37EF5A3B438F}.Debug|Any CPU.Build.0 = Debug|Any CPU
		{3E8F5859-7B02-4B1F-BED2-37EF5A3B438F}.Release|Any CPU.ActiveCfg = Release|Any CPU
		{3E8F5859-7B02-4B1F-BED2-37EF5A3B438F}.Release|Any CPU.Build.0 = Release|Any CPU
		{3F99CFEE-D14A-4325-8C94-818D9DF5AF02}.Debug|Any CPU.ActiveCfg = Debug|Any CPU
		{3F99CFEE-D14A-4325-8C94-818D9DF5AF02}.Debug|Any CPU.Build.0 = Debug|Any CPU
		{3F99CFEE-D14A-4325-8C94-818D9DF5AF02}.Release|Any CPU.ActiveCfg = Release|Any CPU
		{3F99CFEE-D14A-4325-8C94-818D9DF5AF02}.Release|Any CPU.Build.0 = Release|Any CPU
		{1C3E4AEC-9EAF-4AFC-9298-334AD69201B5}.Debug|Any CPU.ActiveCfg = Debug|Any CPU
		{1C3E4AEC-9EAF-4AFC-9298-334AD69201B5}.Debug|Any CPU.Build.0 = Debug|Any CPU
		{1C3E4AEC-9EAF-4AFC-9298-334AD69201B5}.Release|Any CPU.ActiveCfg = Release|Any CPU
		{1C3E4AEC-9EAF-4AFC-9298-334AD69201B5}.Release|Any CPU.Build.0 = Release|Any CPU
		{F0D30C3F-4E67-4EAF-9C3C-024FF73F7585}.Debug|Any CPU.ActiveCfg = Debug|Any CPU
		{F0D30C3F-4E67-4EAF-9C3C-024FF73F7585}.Debug|Any CPU.Build.0 = Debug|Any CPU
		{F0D30C3F-4E67-4EAF-9C3C-024FF73F7585}.Release|Any CPU.ActiveCfg = Release|Any CPU
		{F0D30C3F-4E67-4EAF-9C3C-024FF73F7585}.Release|Any CPU.Build.0 = Release|Any CPU
		{4B0AF161-2D86-4A63-A7AF-268AB94690ED}.Debug|Any CPU.ActiveCfg = Debug|Any CPU
		{4B0AF161-2D86-4A63-A7AF-268AB94690ED}.Debug|Any CPU.Build.0 = Debug|Any CPU
		{4B0AF161-2D86-4A63-A7AF-268AB94690ED}.Release|Any CPU.ActiveCfg = Release|Any CPU
		{4B0AF161-2D86-4A63-A7AF-268AB94690ED}.Release|Any CPU.Build.0 = Release|Any CPU
	EndGlobalSection
	GlobalSection(SolutionProperties) = preSolution
		HideSolutionNode = FALSE
	EndGlobalSection
	GlobalSection(NestedProjects) = preSolution
		{975685BA-0FBD-4C08-B1CE-64825CA4680E} = {493111A5-E465-4CAD-B25B-D0420027BB85}
		{013BA447-8044-49AA-8A07-5ACDC7BEDDDA} = {493111A5-E465-4CAD-B25B-D0420027BB85}
		{3E8F5859-7B02-4B1F-BED2-37EF5A3B438F} = {493111A5-E465-4CAD-B25B-D0420027BB85}
		{3F99CFEE-D14A-4325-8C94-818D9DF5AF02} = {493111A5-E465-4CAD-B25B-D0420027BB85}
		{1C3E4AEC-9EAF-4AFC-9298-334AD69201B5} = {C52862B2-760F-4D75-8D5D-F76E8D220201}
		{F0D30C3F-4E67-4EAF-9C3C-024FF73F7585} = {493111A5-E465-4CAD-B25B-D0420027BB85}
		{4B0AF161-2D86-4A63-A7AF-268AB94690ED} = {493111A5-E465-4CAD-B25B-D0420027BB85}
	EndGlobalSection
	GlobalSection(ExtensibilityGlobals) = postSolution
		SolutionGuid = {B78FA090-894C-4DCA-8ECD-C8B023356DA4}
	EndGlobalSection
EndGlobal
